
Microsoft Visual Studio Solution File, Format Version 11.00
# Visual Studio 2010
Project("{FAE04EC0-301F-11D3-BF4B-00C04F79EFBC}") = "Areserver", "Areserver\Areserver.csproj", "{48B32475-E583-470D-B0B0-1025C51943D1}"
EndProject
Global
	GlobalSection(SolutionConfigurationPlatforms) = preSolution
		Debug|x86 = Debug|x86
		Release|x86 = Release|x86
	EndGlobalSection
	GlobalSection(ProjectConfigurationPlatforms) = postSolution
		{48B32475-E583-470D-B0B0-1025C51943D1}.Debug|x86.ActiveCfg = Debug|x86
		{48B32475-E583-470D-B0B0-1025C51943D1}.Debug|x86.Build.0 = Debug|x86
		{48B32475-E583-470D-B0B0-1025C51943D1}.Release|x86.ActiveCfg = Release|x86
		{48B32475-E583-470D-B0B0-1025C51943D1}.Release|x86.Build.0 = Release|x86
		{89E8A67A-4322-4D19-AB3E-FA91DEEFF6FF}.Debug|x86.ActiveCfg = Debug|x86
		{89E8A67A-4322-4D19-AB3E-FA91DEEFF6FF}.Debug|x86.Build.0 = Debug|x86
		{89E8A67A-4322-4D19-AB3E-FA91DEEFF6FF}.Release|x86.ActiveCfg = Release|x86
		{89E8A67A-4322-4D19-AB3E-FA91DEEFF6FF}.Release|x86.Build.0 = Release|x86
	EndGlobalSection
	GlobalSection(MonoDevelopProperties) = preSolution
		StartupItem = Areserver\Areserver.csproj
	EndGlobalSection
EndGlobal
